// !$*UTF8*$!
{
	archiveVersion = 1;
	classes = {
	};
	objectVersion = 46;
	objects = {

/* Begin PBXBuildFile section */
		EB3B03CF18A3E8A700D5A65C /* Foundation.framework in Frameworks */ = {isa = PBXBuildFile; fileRef = EB3B03CE18A3E8A700D5A65C /* Foundation.framework */; };
		EB3B03D118A3E8A700D5A65C /* CoreGraphics.framework in Frameworks */ = {isa = PBXBuildFile; fileRef = EB3B03D018A3E8A700D5A65C /* CoreGraphics.framework */; };
		EB3B03D318A3E8A700D5A65C /* UIKit.framework in Frameworks */ = {isa = PBXBuildFile; fileRef = EB3B03D218A3E8A700D5A65C /* UIKit.framework */; };
		EB3B03D918A3E8A700D5A65C /* InfoPlist.strings in Resources */ = {isa = PBXBuildFile; fileRef = EB3B03D718A3E8A700D5A65C /* InfoPlist.strings */; };
		EB3B03DB18A3E8A700D5A65C /* main.m in Sources */ = {isa = PBXBuildFile; fileRef = EB3B03DA18A3E8A700D5A65C /* main.m */; };
		EB3B03DF18A3E8A700D5A65C /* AppDelegate.m in Sources */ = {isa = PBXBuildFile; fileRef = EB3B03DE18A3E8A700D5A65C /* AppDelegate.m */; };
		EB3B03E218A3E8A700D5A65C /* Main.storyboard in Resources */ = {isa = PBXBuildFile; fileRef = EB3B03E018A3E8A700D5A65C /* Main.storyboard */; };
		EB3B03E718A3E8A800D5A65C /* Images.xcassets in Resources */ = {isa = PBXBuildFile; fileRef = EB3B03E618A3E8A800D5A65C /* Images.xcassets */; };
		EB3B03EE18A3E8A800D5A65C /* XCTest.framework in Frameworks */ = {isa = PBXBuildFile; fileRef = EB3B03ED18A3E8A800D5A65C /* XCTest.framework */; };
		EB3B03EF18A3E8A800D5A65C /* Foundation.framework in Frameworks */ = {isa = PBXBuildFile; fileRef = EB3B03CE18A3E8A700D5A65C /* Foundation.framework */; };
		EB3B03F018A3E8A800D5A65C /* UIKit.framework in Frameworks */ = {isa = PBXBuildFile; fileRef = EB3B03D218A3E8A700D5A65C /* UIKit.framework */; };
		EB3B03F818A3E8A800D5A65C /* InfoPlist.strings in Resources */ = {isa = PBXBuildFile; fileRef = EB3B03F618A3E8A800D5A65C /* InfoPlist.strings */; };
		EB3B03FA18A3E8A800D5A65C /* octobus_alphaTests.m in Sources */ = {isa = PBXBuildFile; fileRef = EB3B03F918A3E8A800D5A65C /* octobus_alphaTests.m */; };
		EB3B040518A420B900D5A65C /* LineListViewController.m in Sources */ = {isa = PBXBuildFile; fileRef = EB3B040418A420B900D5A65C /* LineListViewController.m */; };
		EBF530A818ABCCCE006300FF /* Line.m in Sources */ = {isa = PBXBuildFile; fileRef = EBF530A718ABCCCE006300FF /* Line.m */; };
		EBF530AC18AE1455006300FF /* BusListViewController.m in Sources */ = {isa = PBXBuildFile; fileRef = EBF530AB18AE1455006300FF /* BusListViewController.m */; };
		EBF530B018AE4E70006300FF /* BusDetailCell.m in Sources */ = {isa = PBXBuildFile; fileRef = EBF530AF18AE4E70006300FF /* BusDetailCell.m */; };
		EBF530B418AE5562006300FF /* Bus.m in Sources */ = {isa = PBXBuildFile; fileRef = EBF530B318AE5562006300FF /* Bus.m */; };
		EBF530B718AE5AEF006300FF /* Coordinate.m in Sources */ = {isa = PBXBuildFile; fileRef = EBF530B618AE5AEF006300FF /* Coordinate.m */; };
/* End PBXBuildFile section */

/* Begin PBXContainerItemProxy section */
		EB3B03F118A3E8A800D5A65C /* PBXContainerItemProxy */ = {
			isa = PBXContainerItemProxy;
			containerPortal = EB3B03C318A3E8A700D5A65C /* Project object */;
			proxyType = 1;
			remoteGlobalIDString = EB3B03CA18A3E8A700D5A65C;
			remoteInfo = "octobus-alpha";
		};
/* End PBXContainerItemProxy section */

/* Begin PBXFileReference section */
		EB3B03CB18A3E8A700D5A65C /* octobus-alpha.app */ = {isa = PBXFileReference; explicitFileType = wrapper.application; includeInIndex = 0; path = "octobus-alpha.app"; sourceTree = BUILT_PRODUCTS_DIR; };
		EB3B03CE18A3E8A700D5A65C /* Foundation.framework */ = {isa = PBXFileReference; lastKnownFileType = wrapper.framework; name = Foundation.framework; path = System/Library/Frameworks/Foundation.framework; sourceTree = SDKROOT; };
		EB3B03D018A3E8A700D5A65C /* CoreGraphics.framework */ = {isa = PBXFileReference; lastKnownFileType = wrapper.framework; name = CoreGraphics.framework; path = System/Library/Frameworks/CoreGraphics.framework; sourceTree = SDKROOT; };
		EB3B03D218A3E8A700D5A65C /* UIKit.framework */ = {isa = PBXFileReference; lastKnownFileType = wrapper.framework; name = UIKit.framework; path = System/Library/Frameworks/UIKit.framework; sourceTree = SDKROOT; };
		EB3B03D618A3E8A700D5A65C /* octobus-alpha-Info.plist */ = {isa = PBXFileReference; lastKnownFileType = text.plist.xml; path = "octobus-alpha-Info.plist"; sourceTree = "<group>"; };
		EB3B03D818A3E8A700D5A65C /* en */ = {isa = PBXFileReference; lastKnownFileType = text.plist.strings; name = en; path = en.lproj/InfoPlist.strings; sourceTree = "<group>"; };
		EB3B03DA18A3E8A700D5A65C /* main.m */ = {isa = PBXFileReference; lastKnownFileType = sourcecode.c.objc; path = main.m; sourceTree = "<group>"; };
		EB3B03DC18A3E8A700D5A65C /* octobus-alpha-Prefix.pch */ = {isa = PBXFileReference; lastKnownFileType = sourcecode.c.h; path = "octobus-alpha-Prefix.pch"; sourceTree = "<group>"; };
		EB3B03DD18A3E8A700D5A65C /* AppDelegate.h */ = {isa = PBXFileReference; lastKnownFileType = sourcecode.c.h; path = AppDelegate.h; sourceTree = "<group>"; };
		EB3B03DE18A3E8A700D5A65C /* AppDelegate.m */ = {isa = PBXFileReference; lastKnownFileType = sourcecode.c.objc; path = AppDelegate.m; sourceTree = "<group>"; };
		EB3B03E118A3E8A700D5A65C /* Base */ = {isa = PBXFileReference; lastKnownFileType = file.storyboard; name = Base; path = Base.lproj/Main.storyboard; sourceTree = "<group>"; };
		EB3B03E618A3E8A800D5A65C /* Images.xcassets */ = {isa = PBXFileReference; lastKnownFileType = folder.assetcatalog; path = Images.xcassets; sourceTree = "<group>"; };
		EB3B03EC18A3E8A800D5A65C /* octobus-alphaTests.xctest */ = {isa = PBXFileReference; explicitFileType = wrapper.cfbundle; includeInIndex = 0; path = "octobus-alphaTests.xctest"; sourceTree = BUILT_PRODUCTS_DIR; };
		EB3B03ED18A3E8A800D5A65C /* XCTest.framework */ = {isa = PBXFileReference; lastKnownFileType = wrapper.framework; name = XCTest.framework; path = Library/Frameworks/XCTest.framework; sourceTree = DEVELOPER_DIR; };
		EB3B03F518A3E8A800D5A65C /* octobus-alphaTests-Info.plist */ = {isa = PBXFileReference; lastKnownFileType = text.plist.xml; path = "octobus-alphaTests-Info.plist"; sourceTree = "<group>"; };
		EB3B03F718A3E8A800D5A65C /* en */ = {isa = PBXFileReference; lastKnownFileType = text.plist.strings; name = en; path = en.lproj/InfoPlist.strings; sourceTree = "<group>"; };
		EB3B03F918A3E8A800D5A65C /* octobus_alphaTests.m */ = {isa = PBXFileReference; lastKnownFileType = sourcecode.c.objc; path = octobus_alphaTests.m; sourceTree = "<group>"; };
		EB3B040318A420B900D5A65C /* LineListViewController.h */ = {isa = PBXFileReference; fileEncoding = 4; lastKnownFileType = sourcecode.c.h; path = LineListViewController.h; sourceTree = "<group>"; };
		EB3B040418A420B900D5A65C /* LineListViewController.m */ = {isa = PBXFileReference; fileEncoding = 4; lastKnownFileType = sourcecode.c.objc; path = LineListViewController.m; sourceTree = "<group>"; };
		EBF530A618ABCCCE006300FF /* Line.h */ = {isa = PBXFileReference; fileEncoding = 4; lastKnownFileType = sourcecode.c.h; name = Line.h; path = Model/Line.h; sourceTree = "<group>"; };
		EBF530A718ABCCCE006300FF /* Line.m */ = {isa = PBXFileReference; fileEncoding = 4; lastKnownFileType = sourcecode.c.objc; name = Line.m; path = Model/Line.m; sourceTree = "<group>"; };
		EBF530AA18AE1455006300FF /* BusListViewController.h */ = {isa = PBXFileReference; fileEncoding = 4; lastKnownFileType = sourcecode.c.h; path = BusListViewController.h; sourceTree = "<group>"; };
		EBF530AB18AE1455006300FF /* BusListViewController.m */ = {isa = PBXFileReference; fileEncoding = 4; lastKnownFileType = sourcecode.c.objc; path = BusListViewController.m; sourceTree = "<group>"; };
		EBF530AE18AE4E70006300FF /* BusDetailCell.h */ = {isa = PBXFileReference; fileEncoding = 4; lastKnownFileType = sourcecode.c.h; path = BusDetailCell.h; sourceTree = "<group>"; };
		EBF530AF18AE4E70006300FF /* BusDetailCell.m */ = {isa = PBXFileReference; fileEncoding = 4; lastKnownFileType = sourcecode.c.objc; path = BusDetailCell.m; sourceTree = "<group>"; };
		EBF530B218AE5562006300FF /* Bus.h */ = {isa = PBXFileReference; fileEncoding = 4; lastKnownFileType = sourcecode.c.h; name = Bus.h; path = Model/Bus.h; sourceTree = "<group>"; };
		EBF530B318AE5562006300FF /* Bus.m */ = {isa = PBXFileReference; fileEncoding = 4; lastKnownFileType = sourcecode.c.objc; name = Bus.m; path = Model/Bus.m; sourceTree = "<group>"; };
		EBF530B518AE5AEF006300FF /* Coordinate.h */ = {isa = PBXFileReference; fileEncoding = 4; lastKnownFileType = sourcecode.c.h; name = Coordinate.h; path = Model/Coordinate.h; sourceTree = "<group>"; };
		EBF530B618AE5AEF006300FF /* Coordinate.m */ = {isa = PBXFileReference; fileEncoding = 4; lastKnownFileType = sourcecode.c.objc; name = Coordinate.m; path = Model/Coordinate.m; sourceTree = "<group>"; };
/* End PBXFileReference section */

/* Begin PBXFrameworksBuildPhase section */
		EB3B03C818A3E8A700D5A65C /* Frameworks */ = {
			isa = PBXFrameworksBuildPhase;
			buildActionMask = 2147483647;
			files = (
				EB3B03D118A3E8A700D5A65C /* CoreGraphics.framework in Frameworks */,
				EB3B03D318A3E8A700D5A65C /* UIKit.framework in Frameworks */,
				EB3B03CF18A3E8A700D5A65C /* Foundation.framework in Frameworks */,
			);
			runOnlyForDeploymentPostprocessing = 0;
		};
		EB3B03E918A3E8A800D5A65C /* Frameworks */ = {
			isa = PBXFrameworksBuildPhase;
			buildActionMask = 2147483647;
			files = (
				EB3B03EE18A3E8A800D5A65C /* XCTest.framework in Frameworks */,
				EB3B03F018A3E8A800D5A65C /* UIKit.framework in Frameworks */,
				EB3B03EF18A3E8A800D5A65C /* Foundation.framework in Frameworks */,
			);
			runOnlyForDeploymentPostprocessing = 0;
		};
/* End PBXFrameworksBuildPhase section */

/* Begin PBXGroup section */
		EB3B03C218A3E8A700D5A65C = {
			isa = PBXGroup;
			children = (
				EB3B03D418A3E8A700D5A65C /* octobus-alpha */,
				EB3B03F318A3E8A800D5A65C /* octobus-alphaTests */,
				EB3B03CD18A3E8A700D5A65C /* Frameworks */,
				EB3B03CC18A3E8A700D5A65C /* Products */,
			);
			sourceTree = "<group>";
		};
		EB3B03CC18A3E8A700D5A65C /* Products */ = {
			isa = PBXGroup;
			children = (
				EB3B03CB18A3E8A700D5A65C /* octobus-alpha.app */,
				EB3B03EC18A3E8A800D5A65C /* octobus-alphaTests.xctest */,
			);
			name = Products;
			sourceTree = "<group>";
		};
		EB3B03CD18A3E8A700D5A65C /* Frameworks */ = {
			isa = PBXGroup;
			children = (
				EB3B03CE18A3E8A700D5A65C /* Foundation.framework */,
				EB3B03D018A3E8A700D5A65C /* CoreGraphics.framework */,
				EB3B03D218A3E8A700D5A65C /* UIKit.framework */,
				EB3B03ED18A3E8A800D5A65C /* XCTest.framework */,
			);
			name = Frameworks;
			sourceTree = "<group>";
		};
		EB3B03D418A3E8A700D5A65C /* octobus-alpha */ = {
			isa = PBXGroup;
			children = (
				EBF530A518ABCC98006300FF /* Model */,
				EB3B03E018A3E8A700D5A65C /* Main.storyboard */,
				EB3B03E618A3E8A800D5A65C /* Images.xcassets */,
				EB3B03D518A3E8A700D5A65C /* Supporting Files */,
				EBF530A918AE12B2006300FF /* LineListView */,
				EBF530AD18AE145B006300FF /* BusListView */,
				EBF530B118AE4E7B006300FF /* BusDetailCell */,
			);
			path = "octobus-alpha";
			sourceTree = "<group>";
		};
		EB3B03D518A3E8A700D5A65C /* Supporting Files */ = {
			isa = PBXGroup;
			children = (
				EB3B03DD18A3E8A700D5A65C /* AppDelegate.h */,
				EB3B03DE18A3E8A700D5A65C /* AppDelegate.m */,
				EB3B03D618A3E8A700D5A65C /* octobus-alpha-Info.plist */,
				EB3B03D718A3E8A700D5A65C /* InfoPlist.strings */,
				EB3B03DA18A3E8A700D5A65C /* main.m */,
				EB3B03DC18A3E8A700D5A65C /* octobus-alpha-Prefix.pch */,
			);
			name = "Supporting Files";
			sourceTree = "<group>";
		};
		EB3B03F318A3E8A800D5A65C /* octobus-alphaTests */ = {
			isa = PBXGroup;
			children = (
				EB3B03F918A3E8A800D5A65C /* octobus_alphaTests.m */,
				EB3B03F418A3E8A800D5A65C /* Supporting Files */,
			);
			path = "octobus-alphaTests";
			sourceTree = "<group>";
		};
		EB3B03F418A3E8A800D5A65C /* Supporting Files */ = {
			isa = PBXGroup;
			children = (
				EB3B03F518A3E8A800D5A65C /* octobus-alphaTests-Info.plist */,
				EB3B03F618A3E8A800D5A65C /* InfoPlist.strings */,
			);
			name = "Supporting Files";
			sourceTree = "<group>";
		};
		EBF530A518ABCC98006300FF /* Model */ = {
			isa = PBXGroup;
			children = (
				EBF530A618ABCCCE006300FF /* Line.h */,
				EBF530A718ABCCCE006300FF /* Line.m */,
				EBF530B218AE5562006300FF /* Bus.h */,
				EBF530B318AE5562006300FF /* Bus.m */,
				EBF530B518AE5AEF006300FF /* Coordinate.h */,
				EBF530B618AE5AEF006300FF /* Coordinate.m */,
			);
			name = Model;
			sourceTree = "<group>";
		};
		EBF530A918AE12B2006300FF /* LineListView */ = {
			isa = PBXGroup;
			children = (
				EB3B040318A420B900D5A65C /* LineListViewController.h */,
				EB3B040418A420B900D5A65C /* LineListViewController.m */,
			);
			name = LineListView;
			sourceTree = "<group>";
		};
		EBF530AD18AE145B006300FF /* BusListView */ = {
			isa = PBXGroup;
			children = (
				EBF530AA18AE1455006300FF /* BusListViewController.h */,
				EBF530AB18AE1455006300FF /* BusListViewController.m */,
			);
			name = BusListView;
			sourceTree = "<group>";
		};
		EBF530B118AE4E7B006300FF /* BusDetailCell */ = {
			isa = PBXGroup;
			children = (
				EBF530AE18AE4E70006300FF /* BusDetailCell.h */,
				EBF530AF18AE4E70006300FF /* BusDetailCell.m */,
			);
			name = BusDetailCell;
			sourceTree = "<group>";
		};
/* End PBXGroup section */

/* Begin PBXNativeTarget section */
		EB3B03CA18A3E8A700D5A65C /* octobus-alpha */ = {
			isa = PBXNativeTarget;
			buildConfigurationList = EB3B03FD18A3E8A800D5A65C /* Build configuration list for PBXNativeTarget "octobus-alpha" */;
			buildPhases = (
				EB3B03C718A3E8A700D5A65C /* Sources */,
				EB3B03C818A3E8A700D5A65C /* Frameworks */,
				EB3B03C918A3E8A700D5A65C /* Resources */,
			);
			buildRules = (
			);
			dependencies = (
			);
			name = "octobus-alpha";
			productName = "octobus-alpha";
			productReference = EB3B03CB18A3E8A700D5A65C /* octobus-alpha.app */;
			productType = "com.apple.product-type.application";
		};
		EB3B03EB18A3E8A800D5A65C /* octobus-alphaTests */ = {
			isa = PBXNativeTarget;
			buildConfigurationList = EB3B040018A3E8A800D5A65C /* Build configuration list for PBXNativeTarget "octobus-alphaTests" */;
			buildPhases = (
				EB3B03E818A3E8A800D5A65C /* Sources */,
				EB3B03E918A3E8A800D5A65C /* Frameworks */,
				EB3B03EA18A3E8A800D5A65C /* Resources */,
			);
			buildRules = (
			);
			dependencies = (
				EB3B03F218A3E8A800D5A65C /* PBXTargetDependency */,
			);
			name = "octobus-alphaTests";
			productName = "octobus-alphaTests";
			productReference = EB3B03EC18A3E8A800D5A65C /* octobus-alphaTests.xctest */;
			productType = "com.apple.product-type.bundle.unit-test";
		};
/* End PBXNativeTarget section */

/* Begin PBXProject section */
		EB3B03C318A3E8A700D5A65C /* Project object */ = {
			isa = PBXProject;
			attributes = {
				LastUpgradeCheck = 0500;
				ORGANIZATIONNAME = 8CookIn;
				TargetAttributes = {
					EB3B03EB18A3E8A800D5A65C = {
						TestTargetID = EB3B03CA18A3E8A700D5A65C /* octobus-alpha */;
					};
				};
			};
			buildConfigurationList = EB3B03C618A3E8A700D5A65C /* Build configuration list for PBXProject "octobus-alpha" */;
			compatibilityVersion = "Xcode 3.2";
			developmentRegion = English;
			hasScannedForEncodings = 0;
			knownRegions = (
				en,
				Base,
			);
			mainGroup = EB3B03C218A3E8A700D5A65C;
			productRefGroup = EB3B03CC18A3E8A700D5A65C /* Products */;
			projectDirPath = "";
			projectRoot = "";
			targets = (
				EB3B03CA18A3E8A700D5A65C /* octobus-alpha */,
				EB3B03EB18A3E8A800D5A65C /* octobus-alphaTests */,
			);
		};
/* End PBXProject section */

/* Begin PBXResourcesBuildPhase section */
		EB3B03C918A3E8A700D5A65C /* Resources */ = {
			isa = PBXResourcesBuildPhase;
			buildActionMask = 2147483647;
			files = (
				EB3B03E718A3E8A800D5A65C /* Images.xcassets in Resources */,
				EB3B03D918A3E8A700D5A65C /* InfoPlist.strings in Resources */,
				EB3B03E218A3E8A700D5A65C /* Main.storyboard in Resources */,
			);
			runOnlyForDeploymentPostprocessing = 0;
		};
		EB3B03EA18A3E8A800D5A65C /* Resources */ = {
			isa = PBXResourcesBuildPhase;
			buildActionMask = 2147483647;
			files = (
				EB3B03F818A3E8A800D5A65C /* InfoPlist.strings in Resources */,
			);
			runOnlyForDeploymentPostprocessing = 0;
		};
/* End PBXResourcesBuildPhase section */

/* Begin PBXSourcesBuildPhase section */
		EB3B03C718A3E8A700D5A65C /* Sources */ = {
			isa = PBXSourcesBuildPhase;
			buildActionMask = 2147483647;
			files = (
				EB3B03DF18A3E8A700D5A65C /* AppDelegate.m in Sources */,
				EBF530B018AE4E70006300FF /* BusDetailCell.m in Sources */,
				EBF530A818ABCCCE006300FF /* Line.m in Sources */,
				EBF530AC18AE1455006300FF /* BusListViewController.m in Sources */,
				EB3B040518A420B900D5A65C /* LineListViewController.m in Sources */,
				EBF530B418AE5562006300FF /* Bus.m in Sources */,
				EB3B03DB18A3E8A700D5A65C /* main.m in Sources */,
				EBF530B718AE5AEF006300FF /* Coordinate.m in Sources */,
			);
			runOnlyForDeploymentPostprocessing = 0;
		};
		EB3B03E818A3E8A800D5A65C /* Sources */ = {
			isa = PBXSourcesBuildPhase;
			buildActionMask = 2147483647;
			files = (
				EB3B03FA18A3E8A800D5A65C /* octobus_alphaTests.m in Sources */,
			);
			runOnlyForDeploymentPostprocessing = 0;
		};
/* End PBXSourcesBuildPhase section */

/* Begin PBXTargetDependency section */
		EB3B03F218A3E8A800D5A65C /* PBXTargetDependency */ = {
			isa = PBXTargetDependency;
			target = EB3B03CA18A3E8A700D5A65C /* octobus-alpha */;
			targetProxy = EB3B03F118A3E8A800D5A65C /* PBXContainerItemProxy */;
		};
/* End PBXTargetDependency section */

/* Begin PBXVariantGroup section */
		EB3B03D718A3E8A700D5A65C /* InfoPlist.strings */ = {
			isa = PBXVariantGroup;
			children = (
				EB3B03D818A3E8A700D5A65C /* en */,
			);
			name = InfoPlist.strings;
			sourceTree = "<group>";
		};
		EB3B03E018A3E8A700D5A65C /* Main.storyboard */ = {
			isa = PBXVariantGroup;
			children = (
				EB3B03E118A3E8A700D5A65C /* Base */,
			);
			name = Main.storyboard;
			sourceTree = "<group>";
		};
		EB3B03F618A3E8A800D5A65C /* InfoPlist.strings */ = {
			isa = PBXVariantGroup;
			children = (
				EB3B03F718A3E8A800D5A65C /* en */,
			);
			name = InfoPlist.strings;
			sourceTree = "<group>";
		};
/* End PBXVariantGroup section */

/* Begin XCBuildConfiguration section */
		EB3B03FB18A3E8A800D5A65C /* Debug */ = {
			isa = XCBuildConfiguration;
			buildSettings = {
				ALWAYS_SEARCH_USER_PATHS = NO;
				ARCHS = "$(ARCHS_STANDARD_INCLUDING_64_BIT)";
				CLANG_CXX_LANGUAGE_STANDARD = "gnu++0x";
				CLANG_CXX_LIBRARY = "libc++";
				CLANG_ENABLE_MODULES = YES;
				CLANG_ENABLE_OBJC_ARC = YES;
				CLANG_WARN_BOOL_CONVERSION = YES;
				CLANG_WARN_CONSTANT_CONVERSION = YES;
				CLANG_WARN_DIRECT_OBJC_ISA_USAGE = YES_ERROR;
				CLANG_WARN_EMPTY_BODY = YES;
				CLANG_WARN_ENUM_CONVERSION = YES;
				CLANG_WARN_INT_CONVERSION = YES;
				CLANG_WARN_OBJC_ROOT_CLASS = YES_ERROR;
				CLANG_WARN__DUPLICATE_METHOD_MATCH = YES;
				"CODE_SIGN_IDENTITY[sdk=iphoneos*]" = "iPhone Developer";
				COPY_PHASE_STRIP = NO;
				GCC_C_LANGUAGE_STANDARD = gnu99;
				GCC_DYNAMIC_NO_PIC = NO;
				GCC_OPTIMIZATION_LEVEL = 0;
				GCC_PREPROCESSOR_DEFINITIONS = (
					"DEBUG=1",
					"$(inherited)",
				);
				GCC_SYMBOLS_PRIVATE_EXTERN = NO;
				GCC_WARN_64_TO_32_BIT_CONVERSION = YES;
				GCC_WARN_ABOUT_RETURN_TYPE = YES_ERROR;
				GCC_WARN_UNDECLARED_SELECTOR = YES;
				GCC_WARN_UNINITIALIZED_AUTOS = YES;
				GCC_WARN_UNUSED_FUNCTION = YES;
				GCC_WARN_UNUSED_VARIABLE = YES;
				IPHONEOS_DEPLOYMENT_TARGET = 7.0;
				ONLY_ACTIVE_ARCH = YES;
				SDKROOT = iphoneos;
			};
			name = Debug;
		};
		EB3B03FC18A3E8A800D5A65C /* Release */ = {
			isa = XCBuildConfiguration;
			buildSettings = {
				ALWAYS_SEARCH_USER_PATHS = NO;
				ARCHS = "$(ARCHS_STANDARD_INCLUDING_64_BIT)";
				CLANG_CXX_LANGUAGE_STANDARD = "gnu++0x";
				CLANG_CXX_LIBRARY = "libc++";
				CLANG_ENABLE_MODULES = YES;
				CLANG_ENABLE_OBJC_ARC = YES;
				CLANG_WARN_BOOL_CONVERSION = YES;
				CLANG_WARN_CONSTANT_CONVERSION = YES;
				CLANG_WARN_DIRECT_OBJC_ISA_USAGE = YES_ERROR;
				CLANG_WARN_EMPTY_BODY = YES;
				CLANG_WARN_ENUM_CONVERSION = YES;
				CLANG_WARN_INT_CONVERSION = YES;
				CLANG_WARN_OBJC_ROOT_CLASS = YES_ERROR;
				CLANG_WARN__DUPLICATE_METHOD_MATCH = YES;
				"CODE_SIGN_IDENTITY[sdk=iphoneos*]" = "iPhone Developer";
				COPY_PHASE_STRIP = YES;
				ENABLE_NS_ASSERTIONS = NO;
				GCC_C_LANGUAGE_STANDARD = gnu99;
				GCC_WARN_64_TO_32_BIT_CONVERSION = YES;
				GCC_WARN_ABOUT_RETURN_TYPE = YES_ERROR;
				GCC_WARN_UNDECLARED_SELECTOR = YES;
				GCC_WARN_UNINITIALIZED_AUTOS = YES;
				GCC_WARN_UNUSED_FUNCTION = YES;
				GCC_WARN_UNUSED_VARIABLE = YES;
				IPHONEOS_DEPLOYMENT_TARGET = 7.0;
				SDKROOT = iphoneos;
				VALIDATE_PRODUCT = YES;
			};
			name = Release;
		};
		EB3B03FE18A3E8A800D5A65C /* Debug */ = {
			isa = XCBuildConfiguration;
			buildSettings = {
				ASSETCATALOG_COMPILER_APPICON_NAME = AppIcon;
				ASSETCATALOG_COMPILER_LAUNCHIMAGE_NAME = LaunchImage;
				GCC_PRECOMPILE_PREFIX_HEADER = YES;
				GCC_PREFIX_HEADER = "octobus-alpha/octobus-alpha-Prefix.pch";
				INFOPLIST_FILE = "octobus-alpha/octobus-alpha-Info.plist";
				PRODUCT_NAME = "$(TARGET_NAME)";
				WRAPPER_EXTENSION = app;
			};
			name = Debug;
		};
		EB3B03FF18A3E8A800D5A65C /* Release */ = {
			isa = XCBuildConfiguration;
			buildSettings = {
				ASSETCATALOG_COMPILER_APPICON_NAME = AppIcon;
				ASSETCATALOG_COMPILER_LAUNCHIMAGE_NAME = LaunchImage;
				GCC_PRECOMPILE_PREFIX_HEADER = YES;
				GCC_PREFIX_HEADER = "octobus-alpha/octobus-alpha-Prefix.pch";
				INFOPLIST_FILE = "octobus-alpha/octobus-alpha-Info.plist";
				PRODUCT_NAME = "$(TARGET_NAME)";
				WRAPPER_EXTENSION = app;
			};
			name = Release;
		};
		EB3B040118A3E8A800D5A65C /* Debug */ = {
			isa = XCBuildConfiguration;
			buildSettings = {
				ARCHS = "$(ARCHS_STANDARD_INCLUDING_64_BIT)";
				BUNDLE_LOADER = "$(BUILT_PRODUCTS_DIR)/octobus-alpha.app/octobus-alpha";
				FRAMEWORK_SEARCH_PATHS = (
					"$(SDKROOT)/Developer/Library/Frameworks",
					"$(inherited)",
					"$(DEVELOPER_FRAMEWORKS_DIR)",
				);
				GCC_PRECOMPILE_PREFIX_HEADER = YES;
				GCC_PREFIX_HEADER = "octobus-alpha/octobus-alpha-Prefix.pch";
				GCC_PREPROCESSOR_DEFINITIONS = (
					"DEBUG=1",
					"$(inherited)",
				);
				INFOPLIST_FILE = "octobus-alphaTests/octobus-alphaTests-Info.plist";
				PRODUCT_NAME = "$(TARGET_NAME)";
				TEST_HOST = "$(BUNDLE_LOADER)";
				WRAPPER_EXTENSION = xctest;
			};
			name = Debug;
		};
		EB3B040218A3E8A800D5A65C /* Release */ = {
			isa = XCBuildConfiguration;
			buildSettings = {
				ARCHS = "$(ARCHS_STANDARD_INCLUDING_64_BIT)";
				BUNDLE_LOADER = "$(BUILT_PRODUCTS_DIR)/octobus-alpha.app/octobus-alpha";
				FRAMEWORK_SEARCH_PATHS = (
					"$(SDKROOT)/Developer/Library/Frameworks",
					"$(inherited)",
					"$(DEVELOPER_FRAMEWORKS_DIR)",
				);
				GCC_PRECOMPILE_PREFIX_HEADER = YES;
				GCC_PREFIX_HEADER = "octobus-alpha/octobus-alpha-Prefix.pch";
				INFOPLIST_FILE = "octobus-alphaTests/octobus-alphaTests-Info.plist";
				PRODUCT_NAME = "$(TARGET_NAME)";
				TEST_HOST = "$(BUNDLE_LOADER)";
				WRAPPER_EXTENSION = xctest;
			};
			name = Release;
		};
/* End XCBuildConfiguration section */

/* Begin XCConfigurationList section */
		EB3B03C618A3E8A700D5A65C /* Build configuration list for PBXProject "octobus-alpha" */ = {
			isa = XCConfigurationList;
			buildConfigurations = (
				EB3B03FB18A3E8A800D5A65C /* Debug */,
				EB3B03FC18A3E8A800D5A65C /* Release */,
			);
			defaultConfigurationIsVisible = 0;
			defaultConfigurationName = Release;
		};
		EB3B03FD18A3E8A800D5A65C /* Build configuration list for PBXNativeTarget "octobus-alpha" */ = {
			isa = XCConfigurationList;
			buildConfigurations = (
				EB3B03FE18A3E8A800D5A65C /* Debug */,
				EB3B03FF18A3E8A800D5A65C /* Release */,
			);
			defaultConfigurationIsVisible = 0;
			defaultConfigurationName = Release;
		};
		EB3B040018A3E8A800D5A65C /* Build configuration list for PBXNativeTarget "octobus-alphaTests" */ = {
			isa = XCConfigurationList;
			buildConfigurations = (
				EB3B040118A3E8A800D5A65C /* Debug */,
				EB3B040218A3E8A800D5A65C /* Release */,
			);
			defaultConfigurationIsVisible = 0;
			defaultConfigurationName = Release;
		};
/* End XCConfigurationList section */
	};
	rootObject = EB3B03C318A3E8A700D5A65C /* Project object */;
}
